
Microsoft Visual Studio Solution File, Format Version 12.00
# Visual Studio Version 17
VisualStudioVersion = 17.2.32602.215
MinimumVisualStudioVersion = 10.0.40219.1
Project("{FAE04EC0-301F-11D3-BF4B-00C04F79EFBC}") = "ShoppingList", "ShoppingList\ShoppingList.csproj", "{C160616F-6314-4CC1-A0A5-0BC86B85D208}"
EndProject
Global
	GlobalSection(SolutionConfigurationPlatforms) = preSolution
		Debug|Any CPU = Debug|Any CPU
		Release|Any CPU = Release|Any CPU
	EndGlobalSection
	GlobalSection(ProjectConfigurationPlatforms) = postSolution
		{C160616F-6314-4CC1-A0A5-0BC86B85D208}.Debug|Any CPU.ActiveCfg = Debug|Any CPU
		{C160616F-6314-4CC1-A0A5-0BC86B85D208}.Debug|Any CPU.Build.0 = Debug|Any CPU
		{C160616F-6314-4CC1-A0A5-0BC86B85D208}.Release|Any CPU.ActiveCfg = Release|Any CPU
		{C160616F-6314-4CC1-A0A5-0BC86B85D208}.Release|Any CPU.Build.0 = Release|Any CPU
	EndGlobalSection
	GlobalSection(SolutionProperties) = preSolution
		HideSolutionNode = FALSE
	EndGlobalSection
	GlobalSection(ExtensibilityGlobals) = postSolution
		SolutionGuid = {E717DB54-3A2A-4036-8939-735A3DF7F58F}
	EndGlobalSection
EndGlobal
